codeberg.org/miekg/dns v0.6.48 h1:+RZiJMKPq5BYjePB7AfTv7O+qf/3Kjsz9C4WmOUHdoA=
codeberg.org/miekg/dns v0.6.48/go.mod h1:fIxAzBMDPnXWSw0fp8+pfZMRiAqYY4+HHYLzUo/S6Dg=
github.com/j-keck/arping v1.0.3 h1:aeVk5WnsK6xPaRsFt5wV6W2x5l/n5XBNp0MMr/FEv2k=
github.com/j-keck/arping v1.0.3/go.mod h1:aJbELhR92bSk7tp79AWM/ftfc90EfEi2bQJrbBFOsPw=
github.com/klauspost/oui v0.0.0-20150225163751-35b4deb627f8 h1:8vTSNy6M0xiuAOmKh271gD8sr6mM+5RzXAiqIUL0KmE=
github.com/klauspost/oui v0.0.0-20150225163751-35b4deb627f8/go.mod h1:iaF36Fc2UmrXJ7AGL+fEZU9WWuZiB+4dp9tQtADeZ6A=
github.com/koron/go-ssdp v0.1.0 h1:ckl5x5H6qSNFmi+wCuROvvGUu2FQnMbQrU95IHCcv3Y=
github.com/koron/go-ssdp v0.1.0/go.mod h1:GltaDBjtK1kemZOusWYLGotV0kBeEf59Bp0wtSB0uyU=
github.com/pquerna/ffjson v0.0.0-20190930134022-aa0246cd15f7 h1:xoIK0ctDddBMnc74udxJYBqlo9Ylnsp1waqjLsnef20=
github.com/pquerna/ffjson v0.0.0-20190930134022-aa0246cd15f7/go.mod h1:YARuvh7BUWHNhzDq2OM5tzR2RiCcN2D7sapiKyCel/M=
golang.org/x/crypto v0.48.0 h1:/VRzVqiRSggnhY7gNRxPauEQ5Drw9haKdM0jqfcCFts=
golang.org/x/crypto v0.48.0/go.mod h1:r0kV5h3qnFPlQnBSrULhlsRfryS2pmewsg+XfMgkVos=
golang.org/x/net v0.50.0 h1:ucWh9eiCGyDR3vtzso0WMQinm2Dnt8cFMuQa9K33J60=
golang.org/x/net v0.50.0/go.mod h1:UgoSli3F/pBgdJBHCTc+tp3gmrU4XswgGRgtnwWTfyM=
golang.org/x/sys v0.41.0 h1:Ivj+2Cp/ylzLiEU89QhWblYnOE9zerudt9Ftecq2C6k=
golang.org/x/sys v0.41.0/go.mod h1:OgkHotnGiDImocRcuBABYBEXf8A9a87e/uXjp9XT3ks=
